
Microsoft Visual Studio Solution File, Format Version 12.00
# Visual Studio Version 16
VisualStudioVersion = 16.0.28922.388
MinimumVisualStudioVersion = 10.0.40219.1
Project("{FAE04EC0-301F-11D3-BF4B-00C04F79EFBC}") = "MvcProje", "MvcProje\MvcProje.csproj", "{7815B1D3-014C-4ABC-ACBB-F3CA7D0C08CC}"
EndProject
Global
	GlobalSection(SolutionConfigurationPlatforms) = preSolution
		Debug|Any CPU = Debug|Any CPU
		Release|Any CPU = Release|Any CPU
	EndGlobalSection
	GlobalSection(ProjectConfigurationPlatforms) = postSolution
		{7815B1D3-014C-4ABC-ACBB-F3CA7D0C08CC}.Debug|Any CPU.ActiveCfg = Debug|Any CPU
		{7815B1D3-014C-4ABC-ACBB-F3CA7D0C08CC}.Debug|Any CPU.Build.0 = Debug|Any CPU
		{7815B1D3-014C-4ABC-ACBB-F3CA7D0C08CC}.Release|Any CPU.ActiveCfg = Release|Any CPU
		{7815B1D3-014C-4ABC-ACBB-F3CA7D0C08CC}.Release|Any CPU.Build.0 = Release|Any CPU
	EndGlobalSection
	GlobalSection(SolutionProperties) = preSolution
		HideSolutionNode = FALSE
	EndGlobalSection
	GlobalSection(ExtensibilityGlobals) = postSolution
		SolutionGuid = {8E201C07-B484-47D3-8AC7-4EFF7A023D95}
	EndGlobalSection
EndGlobal
